PODS:
  - CMDQueryStringSerialization (0.2.0)
  - Google-Maps-iOS-SDK (1.9.2)
  - SSKeychain (1.2.3)
  - TwilioSDK (1.2.3)
  - UITextView+Placeholder (1.0.9)
  - VENCore (3.0.1):
    - CMDQueryStringSerialization (~> 0.2.0)
  - Venmo-iOS-SDK (1.3.0):
    - CMDQueryStringSerialization (~> 0.2.0)
    - SSKeychain (~> 1.2.2)
    - VENCore (~> 3.0.0)

DEPENDENCIES:
  - Google-Maps-iOS-SDK (~> 1.9.2)
  - TwilioSDK (~> 1.2)
  - UITextView+Placeholder
  - Venmo-iOS-SDK (~> 1.3)

SPEC CHECKSUMS:
  CMDQueryStringSerialization: 15f9004212bbc72533bb533f63df79d90a00a7d8
  Google-Maps-iOS-SDK: cece581da038080da19c8e38f0dfb2d4770510c9
  SSKeychain: 3f42991739c6c60a9cf1bbd4dff6c0d3694bcf3d
  TwilioSDK: a9aeead884e926858a38b6013e583ea0443b1f1c
  UITextView+Placeholder: 83895056749372c96febfb43f536c9b1aae3e08e
  VENCore: 7adedc7c0e65e3ba922cc21c35f3d0e133d43df7
  Venmo-iOS-SDK: 456097c6df57544362719ea8db01541953aec44d

COCOAPODS: 0.35.0
